{
  "name": "fastify-twig",
  "version": "1.0.2",
  "lockfileVersion": 1,
  "requires": true,
  "dependencies": {
    "@babel/runtime": {
      "version": "7.9.2",
      "resolved": "https://registry.npmjs.org/@babel/runtime/-/runtime-7.9.2.tgz",
      "integrity": "sha512-NE2DtOdufG7R5vnfQUTehdTfNycfUANEtCa9PssN9O/xmTzP4E08UI797ixaei6hBEVL9BI/PsdJS5x7mWoB9Q==",
      "requires": {
        "regenerator-runtime": "^0.13.4"
      }
    },
    "balanced-match": {
      "version": "1.0.0",
      "resolved": "https://registry.npmjs.org/balanced-match/-/balanced-match-1.0.0.tgz",
      "integrity": "sha1-ibTRmasr7kneFk6gK4nORi1xt2c="
    },
    "brace-expansion": {
      "version": "1.1.11",
      "resolved": "https://registry.npmjs.org/brace-expansion/-/brace-expansion-1.1.11.tgz",
      "integrity": "sha512-iCuPHDFgrHX7H2vEI/5xpz07zSHB00TpugqhmYtVmMO6518mCuRMoOYFldEBl0g187ufozdaHgWKcYFb61qGiA==",
      "requires": {
        "balanced-match": "^1.0.0",
        "concat-map": "0.0.1"
      }
    },
    "concat-map": {
      "version": "0.0.1",
      "resolved": "https://registry.npmjs.org/concat-map/-/concat-map-0.0.1.tgz",
      "integrity": "sha1-2Klr13/Wjfd5OnMDajug1UBdR3s="
    },
    "fastify-plugin": {
      "version": "1.6.1",
      "resolved": "https://registry.npmjs.org/fastify-plugin/-/fastify-plugin-1.6.1.tgz",
      "integrity": "sha512-APBcb27s+MjaBIerFirYmBLatoPCgmHZM6XP0K+nDL9k0yX8NJPWDY1RAC3bh6z+AB5ULS2j31BUfLMT3uaZ4A==",
      "requires": {
        "semver": "^6.3.0"
      }
    },
    "foreachasync": {
      "version": "3.0.0",
      "resolved": "https://registry.npmjs.org/foreachasync/-/foreachasync-3.0.0.tgz",
      "integrity": "sha1-VQKYfchxS+M5IJfzLgBxyd7gfPY="
    },
    "locutus": {
      "version": "2.0.15",
      "resolved": "https://registry.npmjs.org/locutus/-/locutus-2.0.15.tgz",
      "integrity": "sha512-2xWC4RkoAoCVXEb/stzEgG1TNgd+mrkLBj6TuEDNyUoKeQ2XzDTyJUC23sMiqbL6zJmJSP3w59OZo+zc4IBOmA=="
    },
    "minimatch": {
      "version": "3.0.4",
      "resolved": "https://registry.npmjs.org/minimatch/-/minimatch-3.0.4.tgz",
      "integrity": "sha512-yJHVQEhyqPLUTgt9B83PXu6W3rx4MvvHvSUvToogpwoGDOUQ+yDrR0HRot+yOCdCO7u4hX3pWft6kWBBcqh0UA==",
      "requires": {
        "brace-expansion": "^1.1.7"
      }
    },
    "regenerator-runtime": {
      "version": "0.13.5",
      "resolved": "https://registry.npmjs.org/regenerator-runtime/-/regenerator-runtime-0.13.5.tgz",
      "integrity": "sha512-ZS5w8CpKFinUzOwW3c83oPeVXoNsrLsaCoLtJvAClH135j/R77RuymhiSErhm2lKcwSCIpmvIWSbDkIfAqKQlA=="
    },
    "semver": {
      "version": "6.3.0",
      "resolved": "https://registry.npmjs.org/semver/-/semver-6.3.0.tgz",
      "integrity": "sha512-b39TBaTSfV6yBrapU89p5fKekE2m/NwnDocOVruQFS1/veMgdzuPcnOM34M6CwxW8jH/lxEa5rBoDeUwu5HHTw=="
    },
    "twig": {
      "version": "1.15.0",
      "resolved": "https://registry.npmjs.org/twig/-/twig-1.15.0.tgz",
      "integrity": "sha512-kJkEbF4sTyZcaMAXffCjaUt6ZSD3v6qZQZd9b6mySvfuUIseTCJCvikphAJvrNJTDw7nZDfGorvTtUkzge1HPg==",
      "requires": {
        "@babel/runtime": "^7.8.4",
        "locutus": "^2.0.11",
        "minimatch": "3.0.x",
        "walk": "2.3.x"
      }
    },
    "walk": {
      "version": "2.3.14",
      "resolved": "https://registry.npmjs.org/walk/-/walk-2.3.14.tgz",
      "integrity": "sha512-5skcWAUmySj6hkBdH6B6+3ddMjVQYH5Qy9QGbPmN8kVmLteXk+yVXg+yfk1nbX30EYakahLrr8iPcCxJQSCBeg==",
      "requires": {
        "foreachasync": "^3.0.0"
      }
    }
  }
}
